
Microsoft Visual Studio Solution File, Format Version 12.00
# Visual Studio 2015
Project("{FAE04EC0-301F-11D3-BF4B-00C04F79EFBC}") = "webGL_Music.CSharp", "webGL_Music.CSharp.csproj", "{A01F98EA-E274-F341-E3EA-F4F0D2CFE0E3}"
EndProject
Global
	GlobalSection(SolutionConfigurationPlatforms) = preSolution
		Debug|Any CPU = Debug|Any CPU
		Release|Any CPU = Release|Any CPU
	EndGlobalSection
	GlobalSection(ProjectConfigurationPlatforms) = postSolution
		{A01F98EA-E274-F341-E3EA-F4F0D2CFE0E3}.Debug|Any CPU.ActiveCfg = Debug|Any CPU
		{A01F98EA-E274-F341-E3EA-F4F0D2CFE0E3}.Debug|Any CPU.Build.0 = Debug|Any CPU
		{A01F98EA-E274-F341-E3EA-F4F0D2CFE0E3}.Release|Any CPU.ActiveCfg = Release|Any CPU
		{A01F98EA-E274-F341-E3EA-F4F0D2CFE0E3}.Release|Any CPU.Build.0 = Release|Any CPU
	EndGlobalSection
	GlobalSection(SolutionProperties) = preSolution
		HideSolutionNode = FALSE
	EndGlobalSection
EndGlobal
